
Microsoft Visual Studio Solution File, Format Version 12.00
# Visual Studio Version 17
VisualStudioVersion = 17.4.33110.190
MinimumVisualStudioVersion = 10.0.40219.1
Project("{FAE04EC0-301F-11D3-BF4B-00C04F79EFBC}") = "GitlabGrabber", "GitlabGrabber\GitlabGrabber.csproj", "{ADD12B1B-164B-4234-B76C-4870AB743735}"
EndProject
Global
	GlobalSection(SolutionConfigurationPlatforms) = preSolution
		Debug|Any CPU = Debug|Any CPU
		Release|Any CPU = Release|Any CPU
	EndGlobalSection
	GlobalSection(ProjectConfigurationPlatforms) = postSolution
		{ADD12B1B-164B-4234-B76C-4870AB743735}.Debug|Any CPU.ActiveCfg = Debug|Any CPU
		{ADD12B1B-164B-4234-B76C-4870AB743735}.Debug|Any CPU.Build.0 = Debug|Any CPU
		{ADD12B1B-164B-4234-B76C-4870AB743735}.Release|Any CPU.ActiveCfg = Release|Any CPU
		{ADD12B1B-164B-4234-B76C-4870AB743735}.Release|Any CPU.Build.0 = Release|Any CPU
	EndGlobalSection
	GlobalSection(SolutionProperties) = preSolution
		HideSolutionNode = FALSE
	EndGlobalSection
	GlobalSection(ExtensibilityGlobals) = postSolution
		SolutionGuid = {B62C45A7-E064-4350-AD6B-635C162E484F}
	EndGlobalSection
EndGlobal
